
Microsoft Visual Studio Solution File, Format Version 12.00
# Visual Studio Version 16
VisualStudioVersion = 16.0.32802.440
MinimumVisualStudioVersion = 10.0.40219.1
Project("{2150E333-8FDC-42A3-9474-1A3956D46DE8}") = "src", "src", "{DBEF1912-D0E4-4A44-B26F-28AD4A758BF3}"
EndProject
Project("{2150E333-8FDC-42A3-9474-1A3956D46DE8}") = "Api", "Api", "{96109881-58CF-45D1-A01A-8698EA0F3CC5}"
EndProject
Project("{2150E333-8FDC-42A3-9474-1A3956D46DE8}") = "Clients", "Clients", "{CB4A5B33-C4E5-4118-8B8F-92C36179CD44}"
EndProject
Project("{2150E333-8FDC-42A3-9474-1A3956D46DE8}") = "Common", "Common", "{A8827730-492A-4B8B-B20A-F55BD214C011}"
EndProject
Project("{2150E333-8FDC-42A3-9474-1A3956D46DE8}") = "Projections", "Projections", "{DD764FD0-AFAC-4D9A-B8A2-52C6DB199921}"
EndProject
Project("{2150E333-8FDC-42A3-9474-1A3956D46DE8}") = "Core", "Core", "{72DAAFAE-6AE8-4D6B-92F7-CFAF4A2B4C8F}"
EndProject
Project("{2150E333-8FDC-42A3-9474-1A3956D46DE8}") = "Infrastructure", "Infrastructure", "{1EB167D3-B5D8-443A-ADC1-F1F3F0291E64}"
EndProject
Project("{2150E333-8FDC-42A3-9474-1A3956D46DE8}") = "WebApi", "WebApi", "{0F09AC48-8143-498D-A3D1-B043AC16B4EC}"
EndProject
Project("{2150E333-8FDC-42A3-9474-1A3956D46DE8}") = "BlazerWeb", "BlazerWeb", "{4789B767-0B67-4E68-B465-E869F18F71A5}"
EndProject
Global
	GlobalSection(SolutionProperties) = preSolution
		HideSolutionNode = FALSE
	EndGlobalSection
	GlobalSection(NestedProjects) = preSolution
		{96109881-58CF-45D1-A01A-8698EA0F3CC5} = {DBEF1912-D0E4-4A44-B26F-28AD4A758BF3}
		{CB4A5B33-C4E5-4118-8B8F-92C36179CD44} = {DBEF1912-D0E4-4A44-B26F-28AD4A758BF3}
		{A8827730-492A-4B8B-B20A-F55BD214C011} = {DBEF1912-D0E4-4A44-B26F-28AD4A758BF3}
		{DD764FD0-AFAC-4D9A-B8A2-52C6DB199921} = {DBEF1912-D0E4-4A44-B26F-28AD4A758BF3}
		{72DAAFAE-6AE8-4D6B-92F7-CFAF4A2B4C8F} = {96109881-58CF-45D1-A01A-8698EA0F3CC5}
		{1EB167D3-B5D8-443A-ADC1-F1F3F0291E64} = {96109881-58CF-45D1-A01A-8698EA0F3CC5}
		{0F09AC48-8143-498D-A3D1-B043AC16B4EC} = {96109881-58CF-45D1-A01A-8698EA0F3CC5}
		{4789B767-0B67-4E68-B465-E869F18F71A5} = {CB4A5B33-C4E5-4118-8B8F-92C36179CD44}
	EndGlobalSection
	GlobalSection(ExtensibilityGlobals) = postSolution
		SolutionGuid = {B08E71E9-5728-45DE-ADAC-040F1F1903D3}
	EndGlobalSection
EndGlobal
